
Microsoft Visual Studio Solution File, Format Version 12.00
# Visual Studio Version 17
VisualStudioVersion = 17.6.33829.357
MinimumVisualStudioVersion = 10.0.40219.1
Project("{FAE04EC0-301F-11D3-BF4B-00C04F79EFBC}") = "ProceduralFamilyTreeGEDCOM", "ProceduralFamilyTreeGEDCOM.csproj", "{22FE5BA6-0BBB-4D0E-A3D1-85231D496C10}"
EndProject
Global
	GlobalSection(SolutionConfigurationPlatforms) = preSolution
		Debug|Any CPU = Debug|Any CPU
		Release|Any CPU = Release|Any CPU
	EndGlobalSection
	GlobalSection(ProjectConfigurationPlatforms) = postSolution
		{22FE5BA6-0BBB-4D0E-A3D1-85231D496C10}.Debug|Any CPU.ActiveCfg = Debug|Any CPU
		{22FE5BA6-0BBB-4D0E-A3D1-85231D496C10}.Debug|Any CPU.Build.0 = Debug|Any CPU
		{22FE5BA6-0BBB-4D0E-A3D1-85231D496C10}.Release|Any CPU.ActiveCfg = Release|Any CPU
		{22FE5BA6-0BBB-4D0E-A3D1-85231D496C10}.Release|Any CPU.Build.0 = Release|Any CPU
	EndGlobalSection
	GlobalSection(SolutionProperties) = preSolution
		HideSolutionNode = FALSE
	EndGlobalSection
	GlobalSection(ExtensibilityGlobals) = postSolution
		SolutionGuid = {D89F662E-3714-4560-82ED-D0E8DC122753}
	EndGlobalSection
EndGlobal
